
Microsoft Visual Studio Solution File, Format Version 12.00
# Visual Studio Version 16
VisualStudioVersion = 16.0.31911.196
MinimumVisualStudioVersion = 10.0.40219.1
Project("{8BC9CEB8-8B4A-11D0-8D11-00A0C91BC942}") = "TicTacToeV4", "TicTacToeV4.vcxproj", "{235BAA56-933A-4771-99BB-B9CC9F275BD7}"
EndProject
Global
	GlobalSection(SolutionConfigurationPlatforms) = preSolution
		Debug|x64 = Debug|x64
		Debug|x86 = Debug|x86
		Release|x64 = Release|x64
		Release|x86 = Release|x86
	EndGlobalSection
	GlobalSection(ProjectConfigurationPlatforms) = postSolution
		{235BAA56-933A-4771-99BB-B9CC9F275BD7}.Debug|x64.ActiveCfg = Debug|x64
		{235BAA56-933A-4771-99BB-B9CC9F275BD7}.Debug|x64.Build.0 = Debug|x64
		{235BAA56-933A-4771-99BB-B9CC9F275BD7}.Debug|x86.ActiveCfg = Debug|Win32
		{235BAA56-933A-4771-99BB-B9CC9F275BD7}.Debug|x86.Build.0 = Debug|Win32
		{235BAA56-933A-4771-99BB-B9CC9F275BD7}.Release|x64.ActiveCfg = Release|x64
		{235BAA56-933A-4771-99BB-B9CC9F275BD7}.Release|x64.Build.0 = Release|x64
		{235BAA56-933A-4771-99BB-B9CC9F275BD7}.Release|x86.ActiveCfg = Release|Win32
		{235BAA56-933A-4771-99BB-B9CC9F275BD7}.Release|x86.Build.0 = Release|Win32
	EndGlobalSection
	GlobalSection(SolutionProperties) = preSolution
		HideSolutionNode = FALSE
	EndGlobalSection
	GlobalSection(ExtensibilityGlobals) = postSolution
		SolutionGuid = {DA7E7AB9-6E59-4273-801B-2FFA493FBBB4}
	EndGlobalSection
EndGlobal
